
Microsoft Visual Studio Solution File, Format Version 12.00
# Visual Studio Version 16
VisualStudioVersion = 16.0.31624.102
MinimumVisualStudioVersion = 10.0.40219.1
Project("{FAE04EC0-301F-11D3-BF4B-00C04F79EFBC}") = "ByeCaps", "ByeCaps\ByeCaps.csproj", "{81ABAA19-B556-4656-8F50-C8E657517524}"
EndProject
Global
	GlobalSection(SolutionConfigurationPlatforms) = preSolution
		Debug|Any CPU = Debug|Any CPU
		Release|Any CPU = Release|Any CPU
	EndGlobalSection
	GlobalSection(ProjectConfigurationPlatforms) = postSolution
		{81ABAA19-B556-4656-8F50-C8E657517524}.Debug|Any CPU.ActiveCfg = Debug|Any CPU
		{81ABAA19-B556-4656-8F50-C8E657517524}.Debug|Any CPU.Build.0 = Debug|Any CPU
		{81ABAA19-B556-4656-8F50-C8E657517524}.Release|Any CPU.ActiveCfg = Release|Any CPU
		{81ABAA19-B556-4656-8F50-C8E657517524}.Release|Any CPU.Build.0 = Release|Any CPU
	EndGlobalSection
	GlobalSection(SolutionProperties) = preSolution
		HideSolutionNode = FALSE
	EndGlobalSection
	GlobalSection(ExtensibilityGlobals) = postSolution
		SolutionGuid = {36EB483A-43AC-4C88-9F61-A1B37E5D1222}
	EndGlobalSection
EndGlobal
